PODS:
  - app_tracking_transparency (0.0.1):
    - Flutter
  - FBSDKCoreKit (9.1.0):
    - FBSDKCoreKit/Basics (= 9.1.0)
    - FBSDKCoreKit/Core (= 9.1.0)
  - FBSDKCoreKit/Basics (9.1.0)
  - FBSDKCoreKit/Core (9.1.0):
    - FBSDKCoreKit/Basics
  - Flutter (1.0.0)
  - flutter_facebook_sdk (0.0.1):
    - FBSDKCoreKit (~> 9.1.0)
    - Flutter
  - flutter_local_notifications (0.0.1):
    - Flutter
  - flutter_localization (0.0.1):
    - Flutter
  - launch_review (0.0.1):
    - Flutter
  - permission_handler_apple (9.1.1):
    - Flutter
  - shared_preferences_foundation (0.0.1):
    - Flutter
    - FlutterMacOS

DEPENDENCIES:
  - app_tracking_transparency (from `.symlinks/plugins/app_tracking_transparency/ios`)
  - Flutter (from `Flutter`)
  - flutter_facebook_sdk (from `.symlinks/plugins/flutter_facebook_sdk/ios`)
  - flutter_local_notifications (from `.symlinks/plugins/flutter_local_notifications/ios`)
  - flutter_localization (from `.symlinks/plugins/flutter_localization/ios`)
  - launch_review (from `.symlinks/plugins/launch_review/ios`)
  - permission_handler_apple (from `.symlinks/plugins/permission_handler_apple/ios`)
  - shared_preferences_foundation (from `.symlinks/plugins/shared_preferences_foundation/darwin`)

SPEC REPOS:
  trunk:
    - FBSDKCoreKit

EXTERNAL SOURCES:
  app_tracking_transparency:
    :path: ".symlinks/plugins/app_tracking_transparency/ios"
  Flutter:
    :path: Flutter
  flutter_facebook_sdk:
    :path: ".symlinks/plugins/flutter_facebook_sdk/ios"
  flutter_local_notifications:
    :path: ".symlinks/plugins/flutter_local_notifications/ios"
  flutter_localization:
    :path: ".symlinks/plugins/flutter_localization/ios"
  launch_review:
    :path: ".symlinks/plugins/launch_review/ios"
  permission_handler_apple:
    :path: ".symlinks/plugins/permission_handler_apple/ios"
  shared_preferences_foundation:
    :path: ".symlinks/plugins/shared_preferences_foundation/darwin"

SPEC CHECKSUMS:
  app_tracking_transparency: 5b1745ef9ade815f7455cb6a0848349589afb7c5
  FBSDKCoreKit: a00fe2efd780c195a5e09201bf51c56106245b40
  Flutter: e0871f40cf51350855a761d2e70bf5af5b9b5de7
  flutter_facebook_sdk: 82c8d10c6226b66de5459d6115ab02d1ecd66cd9
  flutter_local_notifications: 4cde75091f6327eb8517fa068a0a5950212d2086
  flutter_localization: f43b18844a2b3d2c71fd64f04ffd6b1e64dd54d4
  launch_review: 75d5a956ba8eaa493e9c9d4bf4c05e505e8d5ed0
  permission_handler_apple: e76247795d700c14ea09e3a2d8855d41ee80a2e6
  shared_preferences_foundation: b4c3b4cddf1c21f02770737f147a3f5da9d39695

PODFILE CHECKSUM: 819463e6a0290f5a72f145ba7cde16e8b6ef0796

COCOAPODS: 1.15.2
